
Microsoft Visual Studio Solution File, Format Version 12.00
# Visual Studio Version 16
VisualStudioVersion = 16.0.810.23
MinimumVisualStudioVersion = 10.0.40219.1
Project("{FAE04EC0-301F-11D3-BF4B-00C04F79EFBC}") = "DevopsLearn", "DevopsLearn\DevopsLearn.csproj", "{2B8B9994-3AA9-4F68-B00D-9875F71D0D0F}"
EndProject
Project("{FAE04EC0-301F-11D3-BF4B-00C04F79EFBC}") = "DevopsLearn.Test", "DevopsLearn.Test\DevopsLearn.Test.csproj", "{3F36EF8C-D42F-45F7-B5A9-8AC90A6DCF16}"
EndProject
Global
	GlobalSection(SolutionConfigurationPlatforms) = preSolution
		Debug|Any CPU = Debug|Any CPU
		Release|Any CPU = Release|Any CPU
	EndGlobalSection
	GlobalSection(ProjectConfigurationPlatforms) = postSolution
		{2B8B9994-3AA9-4F68-B00D-9875F71D0D0F}.Debug|Any CPU.ActiveCfg = Debug|Any CPU
		{2B8B9994-3AA9-4F68-B00D-9875F71D0D0F}.Debug|Any CPU.Build.0 = Debug|Any CPU
		{2B8B9994-3AA9-4F68-B00D-9875F71D0D0F}.Release|Any CPU.ActiveCfg = Release|Any CPU
		{2B8B9994-3AA9-4F68-B00D-9875F71D0D0F}.Release|Any CPU.Build.0 = Release|Any CPU
		{3F36EF8C-D42F-45F7-B5A9-8AC90A6DCF16}.Debug|Any CPU.ActiveCfg = Debug|Any CPU
		{3F36EF8C-D42F-45F7-B5A9-8AC90A6DCF16}.Debug|Any CPU.Build.0 = Debug|Any CPU
		{3F36EF8C-D42F-45F7-B5A9-8AC90A6DCF16}.Release|Any CPU.ActiveCfg = Release|Any CPU
		{3F36EF8C-D42F-45F7-B5A9-8AC90A6DCF16}.Release|Any CPU.Build.0 = Release|Any CPU
	EndGlobalSection
	GlobalSection(SolutionProperties) = preSolution
		HideSolutionNode = FALSE
	EndGlobalSection
	GlobalSection(ExtensibilityGlobals) = postSolution
		SolutionGuid = {DF89D304-3097-446F-BED1-1937E8C84B81}
	EndGlobalSection
EndGlobal
